
Microsoft Visual Studio Solution File, Format Version 12.00
# Visual Studio Version 16
VisualStudioVersion = 16.0.30011.22
MinimumVisualStudioVersion = 10.0.40219.1
Project("{8BC9CEB8-8B4A-11D0-8D11-00A0C91BC942}") = "教师、干部类与使用", "教师、干部类与使用.vcxproj", "{3C4B3520-9F70-437D-B37B-D211AAD496EB}"
EndProject
Global
	GlobalSection(SolutionConfigurationPlatforms) = preSolution
		Debug|x64 = Debug|x64
		Debug|x86 = Debug|x86
		Release|x64 = Release|x64
		Release|x86 = Release|x86
	EndGlobalSection
	GlobalSection(ProjectConfigurationPlatforms) = postSolution
		{3C4B3520-9F70-437D-B37B-D211AAD496EB}.Debug|x64.ActiveCfg = Debug|x64
		{3C4B3520-9F70-437D-B37B-D211AAD496EB}.Debug|x64.Build.0 = Debug|x64
		{3C4B3520-9F70-437D-B37B-D211AAD496EB}.Debug|x86.ActiveCfg = Debug|Win32
		{3C4B3520-9F70-437D-B37B-D211AAD496EB}.Debug|x86.Build.0 = Debug|Win32
		{3C4B3520-9F70-437D-B37B-D211AAD496EB}.Release|x64.ActiveCfg = Release|x64
		{3C4B3520-9F70-437D-B37B-D211AAD496EB}.Release|x64.Build.0 = Release|x64
		{3C4B3520-9F70-437D-B37B-D211AAD496EB}.Release|x86.ActiveCfg = Release|Win32
		{3C4B3520-9F70-437D-B37B-D211AAD496EB}.Release|x86.Build.0 = Release|Win32
	EndGlobalSection
	GlobalSection(SolutionProperties) = preSolution
		HideSolutionNode = FALSE
	EndGlobalSection
	GlobalSection(ExtensibilityGlobals) = postSolution
		SolutionGuid = {10723BEC-4986-4C2F-9B65-B7268EC3E873}
	EndGlobalSection
EndGlobal
